{
    "name": "f8-project-06",
    "version": "1.0.0",
    "lockfileVersion": 2,
    "requires": true,
    "packages": {
        "": {
            "name": "f8-project-06",
            "version": "1.0.0",
            "license": "ISC",
            "dependencies": {
                "f8-project-06": "file:"
            }
        },
        "node_modules/f8-project-06": {
            "resolved": "",
            "link": true
        }
    },
    "dependencies": {
        "f8-project-06": {
            "version": "file:",
            "requires": {
                "f8-project-06": "file:"
            }
        }
    }
}
